// !$*UTF8*$!
{
	archiveVersion = 1;
	classes = {
	};
	objectVersion = 52;
	objects = {

/* Begin PBXBuildFile section */
		73ACA6494808595B9F60E529 /* Pods_ToTimeTests.framework in Frameworks */ = {isa = PBXBuildFile; fileRef = FBB280E91913EF4A3D4D83C5 /* Pods_ToTimeTests.framework */; };
		8C2A383023D6D87000BBD1A1 /* AddMarkView.swift in Sources */ = {isa = PBXBuildFile; fileRef = 8C2A382F23D6D87000BBD1A1 /* AddMarkView.swift */; };
		8C2C655C23D8876D0001FCBE /* HomeMap.swift in Sources */ = {isa = PBXBuildFile; fileRef = 8C2C655B23D8876D0001FCBE /* HomeMap.swift */; };
		8C2C655E23D8949D0001FCBE /* HomeMapView.swift in Sources */ = {isa = PBXBuildFile; fileRef = 8C2C655D23D8949D0001FCBE /* HomeMapView.swift */; };
		8C2C656423D8A5370001FCBE /* Background.swift in Sources */ = {isa = PBXBuildFile; fileRef = 8C2C656323D8A5370001FCBE /* Background.swift */; };
		8C2C656623D8B6910001FCBE /* NavigationBarBack.swift in Sources */ = {isa = PBXBuildFile; fileRef = 8C2C656523D8B6910001FCBE /* NavigationBarBack.swift */; };
		8C2C656823DBDB1B0001FCBE /* MarkAnnotation.swift in Sources */ = {isa = PBXBuildFile; fileRef = 8C2C656723DBDB1B0001FCBE /* MarkAnnotation.swift */; };
		8C2C656A23DBFCEB0001FCBE /* LocationNotificationScheduler.swift in Sources */ = {isa = PBXBuildFile; fileRef = 8C2C656923DBFCEB0001FCBE /* LocationNotificationScheduler.swift */; };
		8C2C656C23DBFDF70001FCBE /* LocationNotificationSchedulerDelegate.swift in Sources */ = {isa = PBXBuildFile; fileRef = 8C2C656B23DBFDF70001FCBE /* LocationNotificationSchedulerDelegate.swift */; };
		8C2C656E23DBFE190001FCBE /* LocationNotificationInfo.swift in Sources */ = {isa = PBXBuildFile; fileRef = 8C2C656D23DBFE190001FCBE /* LocationNotificationInfo.swift */; };
		8C2C657123DC227D0001FCBE /* Alamofire in Frameworks */ = {isa = PBXBuildFile; productRef = 8C2C657023DC227D0001FCBE /* Alamofire */; };
		8C2C657423DC22EB0001FCBE /* SwiftyJSON in Frameworks */ = {isa = PBXBuildFile; productRef = 8C2C657323DC22EB0001FCBE /* SwiftyJSON */; };
		8C2C657623DC33D50001FCBE /* NavigationItemContainer.swift in Sources */ = {isa = PBXBuildFile; fileRef = 8C2C657523DC33D50001FCBE /* NavigationItemContainer.swift */; };
		8C2C657823DC8F220001FCBE /* HomeMapViewEnvironment.swift in Sources */ = {isa = PBXBuildFile; fileRef = 8C2C657723DC8F220001FCBE /* HomeMapViewEnvironment.swift */; };
		8C52973A23EDCB46006A5B0C /* MarkData.swift in Sources */ = {isa = PBXBuildFile; fileRef = 8C52973923EDCB46006A5B0C /* MarkData.swift */; };
		8C7B8FDF2413A97C002DE0D4 /* ResourceManager.swift in Sources */ = {isa = PBXBuildFile; fileRef = 8C7B8FDE2413A97C002DE0D4 /* ResourceManager.swift */; };
		8C7B8FE32413DDD2002DE0D4 /* MarkIcon in Resources */ = {isa = PBXBuildFile; fileRef = 8C7B8FE22413DDD2002DE0D4 /* MarkIcon */; };
		8C7B8FE524140EF0002DE0D4 /* AddMarkViewModel.swift in Sources */ = {isa = PBXBuildFile; fileRef = 8C7B8FE424140EF0002DE0D4 /* AddMarkViewModel.swift */; };
		8C7B8FE724141018002DE0D4 /* ColorExtension.swift in Sources */ = {isa = PBXBuildFile; fileRef = 8C7B8FE624141018002DE0D4 /* ColorExtension.swift */; };
		8C8217DE23F2F04A00AC1742 /* AnimationExtension.swift in Sources */ = {isa = PBXBuildFile; fileRef = 8C8217DD23F2F04A00AC1742 /* AnimationExtension.swift */; };
		8C8217E623F700D400AC1742 /* ProgressView.swift in Sources */ = {isa = PBXBuildFile; fileRef = 8C8217E523F700D400AC1742 /* ProgressView.swift */; };
		8C8217E823F7C23100AC1742 /* AddMarkMapViewEnvironment.swift in Sources */ = {isa = PBXBuildFile; fileRef = 8C8217E723F7C23100AC1742 /* AddMarkMapViewEnvironment.swift */; };
		8C984D7F23D4A53800F1540C /* AppDelegate.swift in Sources */ = {isa = PBXBuildFile; fileRef = 8C984D7E23D4A53800F1540C /* AppDelegate.swift */; };
		8C984D8123D4A53800F1540C /* SceneDelegate.swift in Sources */ = {isa = PBXBuildFile; fileRef = 8C984D8023D4A53800F1540C /* SceneDelegate.swift */; };
		8C984D8323D4A53800F1540C /* HomeView.swift in Sources */ = {isa = PBXBuildFile; fileRef = 8C984D8223D4A53800F1540C /* HomeView.swift */; };
		8C984D8523D4A53900F1540C /* Assets.xcassets in Resources */ = {isa = PBXBuildFile; fileRef = 8C984D8423D4A53900F1540C /* Assets.xcassets */; };
		8C984D8823D4A53900F1540C /* Preview Assets.xcassets in Resources */ = {isa = PBXBuildFile; fileRef = 8C984D8723D4A53900F1540C /* Preview Assets.xcassets */; };
		8C984D8B23D4A53900F1540C /* LaunchScreen.storyboard in Resources */ = {isa = PBXBuildFile; fileRef = 8C984D8923D4A53900F1540C /* LaunchScreen.storyboard */; };
		8C984D9623D4A53900F1540C /* ToTimeTests.swift in Sources */ = {isa = PBXBuildFile; fileRef = 8C984D9523D4A53900F1540C /* ToTimeTests.swift */; };
		8C984DA123D4A53900F1540C /* ToTimeUITests.swift in Sources */ = {isa = PBXBuildFile; fileRef = 8C984DA023D4A53900F1540C /* ToTimeUITests.swift */; };
		8CA50DDC23D5FC6500A7D73B /* Mark.swift in Sources */ = {isa = PBXBuildFile; fileRef = 8CA50DDB23D5FC6500A7D73B /* Mark.swift */; };
		8CB01F102412921600B32C44 /* HomeViewModel.swift in Sources */ = {isa = PBXBuildFile; fileRef = 8CB01F0F2412921600B32C44 /* HomeViewModel.swift */; };
		8CB01F14241292CA00B32C44 /* HomeViewModelProtocol.swift in Sources */ = {isa = PBXBuildFile; fileRef = 8CB01F13241292CA00B32C44 /* HomeViewModelProtocol.swift */; };
		8CB01F1724129F5E00B32C44 /* MarkListRow.swift in Sources */ = {isa = PBXBuildFile; fileRef = 8CB01F1624129F5E00B32C44 /* MarkListRow.swift */; };
		8CC0983D23DE941800382674 /* ActivityIndicator.swift in Sources */ = {isa = PBXBuildFile; fileRef = 8CC0983C23DE941800382674 /* ActivityIndicator.swift */; };
		8CC0983F23DEAE7F00382674 /* ActivityIndicatorView.swift in Sources */ = {isa = PBXBuildFile; fileRef = 8CC0983E23DEAE7F00382674 /* ActivityIndicatorView.swift */; };
		8CF1B9AE23E6C66500B5F236 /* AddMarkMap.swift in Sources */ = {isa = PBXBuildFile; fileRef = 8CF1B9AD23E6C66500B5F236 /* AddMarkMap.swift */; };
		8CF1B9B023E6C66E00B5F236 /* AddMarkMapView.swift in Sources */ = {isa = PBXBuildFile; fileRef = 8CF1B9AF23E6C66E00B5F236 /* AddMarkMapView.swift */; };
		8CF1B9B423E6D64B00B5F236 /* QuickMap.swift in Sources */ = {isa = PBXBuildFile; fileRef = 8CF1B9B323E6D64B00B5F236 /* QuickMap.swift */; };
		8CF1B9B623E6D65100B5F236 /* QuickMapView.swift in Sources */ = {isa = PBXBuildFile; fileRef = 8CF1B9B523E6D65100B5F236 /* QuickMapView.swift */; };
		8CF1B9B823E6D67100B5F236 /* QuickMapViewEnvironment.swift in Sources */ = {isa = PBXBuildFile; fileRef = 8CF1B9B723E6D67100B5F236 /* QuickMapViewEnvironment.swift */; };
		8CF1B9BC23E7152E00B5F236 /* GoogleKey.swift in Sources */ = {isa = PBXBuildFile; fileRef = 8CF1B9BB23E7152E00B5F236 /* GoogleKey.swift */; };
		9172D020ABDFF40B3ABDD774 /* Pods_ToTime.framework in Frameworks */ = {isa = PBXBuildFile; fileRef = 289EA592D8DD1A152501F122 /* Pods_ToTime.framework */; };
		D2B120096A66B68DF8EDF34E /* Pods_ToTime_ToTimeUITests.framework in Frameworks */ = {isa = PBXBuildFile; fileRef = 8D00636536F7CF38AA341E55 /* Pods_ToTime_ToTimeUITests.framework */; };
/* End PBXBuildFile section */

/* Begin PBXContainerItemProxy section */
		8C984D9223D4A53900F1540C /* PBXContainerItemProxy */ = {
			isa = PBXContainerItemProxy;
			containerPortal = 8C984D7323D4A53800F1540C /* Project object */;
			proxyType = 1;
			remoteGlobalIDString = 8C984D7A23D4A53800F1540C;
			remoteInfo = ToTime;
		};
		8C984D9D23D4A53900F1540C /* PBXContainerItemProxy */ = {
			isa = PBXContainerItemProxy;
			containerPortal = 8C984D7323D4A53800F1540C /* Project object */;
			proxyType = 1;
			remoteGlobalIDString = 8C984D7A23D4A53800F1540C;
			remoteInfo = ToTime;
		};
/* End PBXContainerItemProxy section */

/* Begin PBXFileReference section */
		1BE6B53B9E8DB7B321352FA6 /* Pods-ToTime.debug.xcconfig */ = {isa = PBXFileReference; includeInIndex = 1; lastKnownFileType = text.xcconfig; name = "Pods-ToTime.debug.xcconfig"; path = "Target Support Files/Pods-ToTime/Pods-ToTime.debug.xcconfig"; sourceTree = "<group>"; };
		26955B73F8287D5502377C3A /* Pods-ToTime-ToTimeUITests.debug.xcconfig */ = {isa = PBXFileReference; includeInIndex = 1; lastKnownFileType = text.xcconfig; name = "Pods-ToTime-ToTimeUITests.debug.xcconfig"; path = "Target Support Files/Pods-ToTime-ToTimeUITests/Pods-ToTime-ToTimeUITests.debug.xcconfig"; sourceTree = "<group>"; };
		289EA592D8DD1A152501F122 /* Pods_ToTime.framework */ = {isa = PBXFileReference; explicitFileType = wrapper.framework; includeInIndex = 0; path = Pods_ToTime.framework; sourceTree = BUILT_PRODUCTS_DIR; };
		4AEE6A99799EE641317B13FD /* Pods-ToTimeTests.release.xcconfig */ = {isa = PBXFileReference; includeInIndex = 1; lastKnownFileType = text.xcconfig; name = "Pods-ToTimeTests.release.xcconfig"; path = "Target Support Files/Pods-ToTimeTests/Pods-ToTimeTests.release.xcconfig"; sourceTree = "<group>"; };
		5279BDD8019F65FCFF317641 /* Pods-ToTime.release.xcconfig */ = {isa = PBXFileReference; includeInIndex = 1; lastKnownFileType = text.xcconfig; name = "Pods-ToTime.release.xcconfig"; path = "Target Support Files/Pods-ToTime/Pods-ToTime.release.xcconfig"; sourceTree = "<group>"; };
		649CA5084FBCC62F8C114F43 /* Pods-ToTimeTests.debug.xcconfig */ = {isa = PBXFileReference; includeInIndex = 1; lastKnownFileType = text.xcconfig; name = "Pods-ToTimeTests.debug.xcconfig"; path = "Target Support Files/Pods-ToTimeTests/Pods-ToTimeTests.debug.xcconfig"; sourceTree = "<group>"; };
		8C2A382F23D6D87000BBD1A1 /* AddMarkView.swift */ = {isa = PBXFileReference; lastKnownFileType = sourcecode.swift; path = AddMarkView.swift; sourceTree = "<group>"; };
		8C2C655B23D8876D0001FCBE /* HomeMap.swift */ = {isa = PBXFileReference; lastKnownFileType = sourcecode.swift; path = HomeMap.swift; sourceTree = "<group>"; };
		8C2C655D23D8949D0001FCBE /* HomeMapView.swift */ = {isa = PBXFileReference; lastKnownFileType = sourcecode.swift; path = HomeMapView.swift; sourceTree = "<group>"; };
		8C2C656323D8A5370001FCBE /* Background.swift */ = {isa = PBXFileReference; lastKnownFileType = sourcecode.swift; path = Background.swift; sourceTree = "<group>"; };
		8C2C656523D8B6910001FCBE /* NavigationBarBack.swift */ = {isa = PBXFileReference; lastKnownFileType = sourcecode.swift; path = NavigationBarBack.swift; sourceTree = "<group>"; };
		8C2C656723DBDB1B0001FCBE /* MarkAnnotation.swift */ = {isa = PBXFileReference; lastKnownFileType = sourcecode.swift; path = MarkAnnotation.swift; sourceTree = "<group>"; };
		8C2C656923DBFCEB0001FCBE /* LocationNotificationScheduler.swift */ = {isa = PBXFileReference; lastKnownFileType = sourcecode.swift; path = LocationNotificationScheduler.swift; sourceTree = "<group>"; };
		8C2C656B23DBFDF70001FCBE /* LocationNotificationSchedulerDelegate.swift */ = {isa = PBXFileReference; lastKnownFileType = sourcecode.swift; path = LocationNotificationSchedulerDelegate.swift; sourceTree = "<group>"; };
		8C2C656D23DBFE190001FCBE /* LocationNotificationInfo.swift */ = {isa = PBXFileReference; lastKnownFileType = sourcecode.swift; path = LocationNotificationInfo.swift; sourceTree = "<group>"; };
		8C2C657523DC33D50001FCBE /* NavigationItemContainer.swift */ = {isa = PBXFileReference; lastKnownFileType = sourcecode.swift; path = NavigationItemContainer.swift; sourceTree = "<group>"; };
		8C2C657723DC8F220001FCBE /* HomeMapViewEnvironment.swift */ = {isa = PBXFileReference; lastKnownFileType = sourcecode.swift; path = HomeMapViewEnvironment.swift; sourceTree = "<group>"; };
		8C52973923EDCB46006A5B0C /* MarkData.swift */ = {isa = PBXFileReference; lastKnownFileType = sourcecode.swift; path = MarkData.swift; sourceTree = "<group>"; };
		8C52973B23EDCB76006A5B0C /* Realm.framework */ = {isa = PBXFileReference; explicitFileType = wrapper.framework; path = Realm.framework; sourceTree = BUILT_PRODUCTS_DIR; };
		8C52973C23EDCB76006A5B0C /* RealmSwift.framework */ = {isa = PBXFileReference; explicitFileType = wrapper.framework; path = RealmSwift.framework; sourceTree = BUILT_PRODUCTS_DIR; };
		8C7B8FDE2413A97C002DE0D4 /* ResourceManager.swift */ = {isa = PBXFileReference; lastKnownFileType = sourcecode.swift; path = ResourceManager.swift; sourceTree = "<group>"; };
		8C7B8FE22413DDD2002DE0D4 /* MarkIcon */ = {isa = PBXFileReference; lastKnownFileType = folder; path = MarkIcon; sourceTree = "<group>"; };
		8C7B8FE424140EF0002DE0D4 /* AddMarkViewModel.swift */ = {isa = PBXFileReference; lastKnownFileType = sourcecode.swift; path = AddMarkViewModel.swift; sourceTree = "<group>"; };
		8C7B8FE624141018002DE0D4 /* ColorExtension.swift */ = {isa = PBXFileReference; lastKnownFileType = sourcecode.swift; path = ColorExtension.swift; sourceTree = "<group>"; };
		8C8217DD23F2F04A00AC1742 /* AnimationExtension.swift */ = {isa = PBXFileReference; lastKnownFileType = sourcecode.swift; path = AnimationExtension.swift; sourceTree = "<group>"; };
		8C8217E523F700D400AC1742 /* ProgressView.swift */ = {isa = PBXFileReference; lastKnownFileType = sourcecode.swift; path = ProgressView.swift; sourceTree = "<group>"; };
		8C8217E723F7C23100AC1742 /* AddMarkMapViewEnvironment.swift */ = {isa = PBXFileReference; lastKnownFileType = sourcecode.swift; path = AddMarkMapViewEnvironment.swift; sourceTree = "<group>"; };
		8C984D7B23D4A53800F1540C /* ToTime.app */ = {isa = PBXFileReference; explicitFileType = wrapper.application; includeInIndex = 0; path = ToTime.app; sourceTree = BUILT_PRODUCTS_DIR; };
		8C984D7E23D4A53800F1540C /* AppDelegate.swift */ = {isa = PBXFileReference; lastKnownFileType = sourcecode.swift; path = AppDelegate.swift; sourceTree = "<group>"; };
		8C984D8023D4A53800F1540C /* SceneDelegate.swift */ = {isa = PBXFileReference; lastKnownFileType = sourcecode.swift; path = SceneDelegate.swift; sourceTree = "<group>"; };
		8C984D8223D4A53800F1540C /* HomeView.swift */ = {isa = PBXFileReference; lastKnownFileType = sourcecode.swift; path = HomeView.swift; sourceTree = "<group>"; };
		8C984D8423D4A53900F1540C /* Assets.xcassets */ = {isa = PBXFileReference; lastKnownFileType = folder.assetcatalog; path = Assets.xcassets; sourceTree = "<group>"; };
		8C984D8723D4A53900F1540C /* Preview Assets.xcassets */ = {isa = PBXFileReference; lastKnownFileType = folder.assetcatalog; path = "Preview Assets.xcassets"; sourceTree = "<group>"; };
		8C984D8A23D4A53900F1540C /* Base */ = {isa = PBXFileReference; lastKnownFileType = file.storyboard; name = Base; path = Base.lproj/LaunchScreen.storyboard; sourceTree = "<group>"; };
		8C984D8C23D4A53900F1540C /* Info.plist */ = {isa = PBXFileReference; lastKnownFileType = text.plist.xml; path = Info.plist; sourceTree = "<group>"; };
		8C984D9123D4A53900F1540C /* ToTimeTests.xctest */ = {isa = PBXFileReference; explicitFileType = wrapper.cfbundle; includeInIndex = 0; path = ToTimeTests.xctest; sourceTree = BUILT_PRODUCTS_DIR; };
		8C984D9523D4A53900F1540C /* ToTimeTests.swift */ = {isa = PBXFileReference; lastKnownFileType = sourcecode.swift; path = ToTimeTests.swift; sourceTree = "<group>"; };
		8C984D9723D4A53900F1540C /* Info.plist */ = {isa = PBXFileReference; lastKnownFileType = text.plist.xml; path = Info.plist; sourceTree = "<group>"; };
		8C984D9C23D4A53900F1540C /* ToTimeUITests.xctest */ = {isa = PBXFileReference; explicitFileType = wrapper.cfbundle; includeInIndex = 0; path = ToTimeUITests.xctest; sourceTree = BUILT_PRODUCTS_DIR; };
		8C984DA023D4A53900F1540C /* ToTimeUITests.swift */ = {isa = PBXFileReference; lastKnownFileType = sourcecode.swift; path = ToTimeUITests.swift; sourceTree = "<group>"; };
		8C984DA223D4A53900F1540C /* Info.plist */ = {isa = PBXFileReference; lastKnownFileType = text.plist.xml; path = Info.plist; sourceTree = "<group>"; };
		8CA50DDB23D5FC6500A7D73B /* Mark.swift */ = {isa = PBXFileReference; lastKnownFileType = sourcecode.swift; path = Mark.swift; sourceTree = "<group>"; };
		8CB01F0F2412921600B32C44 /* HomeViewModel.swift */ = {isa = PBXFileReference; lastKnownFileType = sourcecode.swift; path = HomeViewModel.swift; sourceTree = "<group>"; };
		8CB01F13241292CA00B32C44 /* HomeViewModelProtocol.swift */ = {isa = PBXFileReference; lastKnownFileType = sourcecode.swift; path = HomeViewModelProtocol.swift; sourceTree = "<group>"; };
		8CB01F1624129F5E00B32C44 /* MarkListRow.swift */ = {isa = PBXFileReference; lastKnownFileType = sourcecode.swift; path = MarkListRow.swift; sourceTree = "<group>"; };
		8CC0983C23DE941800382674 /* ActivityIndicator.swift */ = {isa = PBXFileReference; lastKnownFileType = sourcecode.swift; path = ActivityIndicator.swift; sourceTree = "<group>"; };
		8CC0983E23DEAE7F00382674 /* ActivityIndicatorView.swift */ = {isa = PBXFileReference; lastKnownFileType = sourcecode.swift; path = ActivityIndicatorView.swift; sourceTree = "<group>"; };
		8CF1B9AD23E6C66500B5F236 /* AddMarkMap.swift */ = {isa = PBXFileReference; lastKnownFileType = sourcecode.swift; path = AddMarkMap.swift; sourceTree = "<group>"; };
		8CF1B9AF23E6C66E00B5F236 /* AddMarkMapView.swift */ = {isa = PBXFileReference; lastKnownFileType = sourcecode.swift; path = AddMarkMapView.swift; sourceTree = "<group>"; };
		8CF1B9B323E6D64B00B5F236 /* QuickMap.swift */ = {isa = PBXFileReference; lastKnownFileType = sourcecode.swift; path = QuickMap.swift; sourceTree = "<group>"; };
		8CF1B9B523E6D65100B5F236 /* QuickMapView.swift */ = {isa = PBXFileReference; lastKnownFileType = sourcecode.swift; path = QuickMapView.swift; sourceTree = "<group>"; };
		8CF1B9B723E6D67100B5F236 /* QuickMapViewEnvironment.swift */ = {isa = PBXFileReference; lastKnownFileType = sourcecode.swift; path = QuickMapViewEnvironment.swift; sourceTree = "<group>"; };
		8CF1B9BB23E7152E00B5F236 /* GoogleKey.swift */ = {isa = PBXFileReference; lastKnownFileType = sourcecode.swift; path = GoogleKey.swift; sourceTree = "<group>"; };
		8D00636536F7CF38AA341E55 /* Pods_ToTime_ToTimeUITests.framework */ = {isa = PBXFileReference; explicitFileType = wrapper.framework; includeInIndex = 0; path = Pods_ToTime_ToTimeUITests.framework; sourceTree = BUILT_PRODUCTS_DIR; };
		F5A1F8E8922AFBA826371179 /* Pods-ToTime-ToTimeUITests.release.xcconfig */ = {isa = PBXFileReference; includeInIndex = 1; lastKnownFileType = text.xcconfig; name = "Pods-ToTime-ToTimeUITests.release.xcconfig"; path = "Target Support Files/Pods-ToTime-ToTimeUITests/Pods-ToTime-ToTimeUITests.release.xcconfig"; sourceTree = "<group>"; };
		FBB280E91913EF4A3D4D83C5 /* Pods_ToTimeTests.framework */ = {isa = PBXFileReference; explicitFileType = wrapper.framework; includeInIndex = 0; path = Pods_ToTimeTests.framework; sourceTree = BUILT_PRODUCTS_DIR; };
/* End PBXFileReference section */

/* Begin PBXFrameworksBuildPhase section */
		8C984D7823D4A53800F1540C /* Frameworks */ = {
			isa = PBXFrameworksBuildPhase;
			buildActionMask = 2147483647;
			files = (
				8C2C657423DC22EB0001FCBE /* SwiftyJSON in Frameworks */,
				8C2C657123DC227D0001FCBE /* Alamofire in Frameworks */,
				9172D020ABDFF40B3ABDD774 /* Pods_ToTime.framework in Frameworks */,
			);
			runOnlyForDeploymentPostprocessing = 0;
		};
		8C984D8E23D4A53900F1540C /* Frameworks */ = {
			isa = PBXFrameworksBuildPhase;
			buildActionMask = 2147483647;
			files = (
				73ACA6494808595B9F60E529 /* Pods_ToTimeTests.framework in Frameworks */,
			);
			runOnlyForDeploymentPostprocessing = 0;
		};
		8C984D9923D4A53900F1540C /* Frameworks */ = {
			isa = PBXFrameworksBuildPhase;
			buildActionMask = 2147483647;
			files = (
				D2B120096A66B68DF8EDF34E /* Pods_ToTime_ToTimeUITests.framework in Frameworks */,
			);
			runOnlyForDeploymentPostprocessing = 0;
		};
/* End PBXFrameworksBuildPhase section */

/* Begin PBXGroup section */
		321B42237ECBEEF92B6AE081 /* Pods */ = {
			isa = PBXGroup;
			children = (
				1BE6B53B9E8DB7B321352FA6 /* Pods-ToTime.debug.xcconfig */,
				5279BDD8019F65FCFF317641 /* Pods-ToTime.release.xcconfig */,
				26955B73F8287D5502377C3A /* Pods-ToTime-ToTimeUITests.debug.xcconfig */,
				F5A1F8E8922AFBA826371179 /* Pods-ToTime-ToTimeUITests.release.xcconfig */,
				649CA5084FBCC62F8C114F43 /* Pods-ToTimeTests.debug.xcconfig */,
				4AEE6A99799EE641317B13FD /* Pods-ToTimeTests.release.xcconfig */,
			);
			path = Pods;
			sourceTree = "<group>";
		};
		6CE582F5891B4DA34904E03B /* Frameworks */ = {
			isa = PBXGroup;
			children = (
				8C52973B23EDCB76006A5B0C /* Realm.framework */,
				8C52973C23EDCB76006A5B0C /* RealmSwift.framework */,
				289EA592D8DD1A152501F122 /* Pods_ToTime.framework */,
				8D00636536F7CF38AA341E55 /* Pods_ToTime_ToTimeUITests.framework */,
				FBB280E91913EF4A3D4D83C5 /* Pods_ToTimeTests.framework */,
			);
			name = Frameworks;
			sourceTree = "<group>";
		};
		8C52973823EDCB25006A5B0C /* Datas */ = {
			isa = PBXGroup;
			children = (
				8C7B8FDE2413A97C002DE0D4 /* ResourceManager.swift */,
				8C52973923EDCB46006A5B0C /* MarkData.swift */,
				8CA50DDB23D5FC6500A7D73B /* Mark.swift */,
			);
			path = Datas;
			sourceTree = "<group>";
		};
		8C52974423F05AC0006A5B0C /* Extensions */ = {
			isa = PBXGroup;
			children = (
				8C8217DD23F2F04A00AC1742 /* AnimationExtension.swift */,
				8C7B8FE624141018002DE0D4 /* ColorExtension.swift */,
			);
			path = Extensions;
			sourceTree = "<group>";
		};
		8C984D7223D4A53800F1540C = {
			isa = PBXGroup;
			children = (
				8C984D7D23D4A53800F1540C /* ToTime */,
				8C984D9423D4A53900F1540C /* ToTimeTests */,
				8C984D9F23D4A53900F1540C /* ToTimeUITests */,
				8C984D7C23D4A53800F1540C /* Products */,
				321B42237ECBEEF92B6AE081 /* Pods */,
				6CE582F5891B4DA34904E03B /* Frameworks */,
			);
			sourceTree = "<group>";
		};
		8C984D7C23D4A53800F1540C /* Products */ = {
			isa = PBXGroup;
			children = (
				8C984D7B23D4A53800F1540C /* ToTime.app */,
				8C984D9123D4A53900F1540C /* ToTimeTests.xctest */,
				8C984D9C23D4A53900F1540C /* ToTimeUITests.xctest */,
			);
			name = Products;
			sourceTree = "<group>";
		};
		8C984D7D23D4A53800F1540C /* ToTime */ = {
			isa = PBXGroup;
			children = (
				8CB01F1524129EB800B32C44 /* Home */,
				8C52974423F05AC0006A5B0C /* Extensions */,
				8C52973823EDCB25006A5B0C /* Datas */,
				8CC0984523DEF96800382674 /* EtcViews */,
				8CC0984323DEF93700382674 /* MarkView */,
				8CC0984223DEF92600382674 /* MapView */,
				8CC0984023DEF90200382674 /* Notification */,
				8C984D7E23D4A53800F1540C /* AppDelegate.swift */,
				8C984D8023D4A53800F1540C /* SceneDelegate.swift */,
				8C984D8423D4A53900F1540C /* Assets.xcassets */,
				8C7B8FE22413DDD2002DE0D4 /* MarkIcon */,
				8C984D8923D4A53900F1540C /* LaunchScreen.storyboard */,
				8C984D8C23D4A53900F1540C /* Info.plist */,
				8C984D8623D4A53900F1540C /* Preview Content */,
				8CF1B9BB23E7152E00B5F236 /* GoogleKey.swift */,
			);
			path = ToTime;
			sourceTree = "<group>";
		};
		8C984D8623D4A53900F1540C /* Preview Content */ = {
			isa = PBXGroup;
			children = (
				8C984D8723D4A53900F1540C /* Preview Assets.xcassets */,
			);
			path = "Preview Content";
			sourceTree = "<group>";
		};
		8C984D9423D4A53900F1540C /* ToTimeTests */ = {
			isa = PBXGroup;
			children = (
				8C984D9523D4A53900F1540C /* ToTimeTests.swift */,
				8C984D9723D4A53900F1540C /* Info.plist */,
			);
			path = ToTimeTests;
			sourceTree = "<group>";
		};
		8C984D9F23D4A53900F1540C /* ToTimeUITests */ = {
			isa = PBXGroup;
			children = (
				8C984DA023D4A53900F1540C /* ToTimeUITests.swift */,
				8C984DA223D4A53900F1540C /* Info.plist */,
			);
			path = ToTimeUITests;
			sourceTree = "<group>";
		};
		8CB01F1524129EB800B32C44 /* Home */ = {
			isa = PBXGroup;
			children = (
				8CB01F13241292CA00B32C44 /* HomeViewModelProtocol.swift */,
				8CB01F0F2412921600B32C44 /* HomeViewModel.swift */,
				8C984D8223D4A53800F1540C /* HomeView.swift */,
				8CB01F1624129F5E00B32C44 /* MarkListRow.swift */,
			);
			path = Home;
			sourceTree = "<group>";
		};
		8CC0984023DEF90200382674 /* Notification */ = {
			isa = PBXGroup;
			children = (
				8C2C656923DBFCEB0001FCBE /* LocationNotificationScheduler.swift */,
				8C2C656B23DBFDF70001FCBE /* LocationNotificationSchedulerDelegate.swift */,
				8C2C656D23DBFE190001FCBE /* LocationNotificationInfo.swift */,
			);
			path = Notification;
			sourceTree = "<group>";
		};
		8CC0984223DEF92600382674 /* MapView */ = {
			isa = PBXGroup;
			children = (
				8C2C655B23D8876D0001FCBE /* HomeMap.swift */,
				8C2C657723DC8F220001FCBE /* HomeMapViewEnvironment.swift */,
				8C2C655D23D8949D0001FCBE /* HomeMapView.swift */,
				8CF1B9AD23E6C66500B5F236 /* AddMarkMap.swift */,
				8C8217E723F7C23100AC1742 /* AddMarkMapViewEnvironment.swift */,
				8CF1B9AF23E6C66E00B5F236 /* AddMarkMapView.swift */,
				8CF1B9B323E6D64B00B5F236 /* QuickMap.swift */,
				8CF1B9B723E6D67100B5F236 /* QuickMapViewEnvironment.swift */,
				8CF1B9B523E6D65100B5F236 /* QuickMapView.swift */,
			);
			path = MapView;
			sourceTree = "<group>";
		};
		8CC0984323DEF93700382674 /* MarkView */ = {
			isa = PBXGroup;
			children = (
				8C2C656723DBDB1B0001FCBE /* MarkAnnotation.swift */,
				8C2A382F23D6D87000BBD1A1 /* AddMarkView.swift */,
				8C7B8FE424140EF0002DE0D4 /* AddMarkViewModel.swift */,
			);
			path = MarkView;
			sourceTree = "<group>";
		};
		8CC0984523DEF96800382674 /* EtcViews */ = {
			isa = PBXGroup;
			children = (
				8C2C657523DC33D50001FCBE /* NavigationItemContainer.swift */,
				8C2C656323D8A5370001FCBE /* Background.swift */,
				8CC0983C23DE941800382674 /* ActivityIndicator.swift */,
				8CC0983E23DEAE7F00382674 /* ActivityIndicatorView.swift */,
				8C2C656523D8B6910001FCBE /* NavigationBarBack.swift */,
				8C8217E523F700D400AC1742 /* ProgressView.swift */,
			);
			path = EtcViews;
			sourceTree = "<group>";
		};
/* End PBXGroup section */

/* Begin PBXNativeTarget section */
		8C984D7A23D4A53800F1540C /* ToTime */ = {
			isa = PBXNativeTarget;
			buildConfigurationList = 8C984DA523D4A53900F1540C /* Build configuration list for PBXNativeTarget "ToTime" */;
			buildPhases = (
				1A416E4DB944F9CCAF55DB07 /* [CP] Check Pods Manifest.lock */,
				8C984D7723D4A53800F1540C /* Sources */,
				8C984D7823D4A53800F1540C /* Frameworks */,
				8C984D7923D4A53800F1540C /* Resources */,
				4DFCCF8B5EDD471D307D7263 /* [CP] Embed Pods Frameworks */,
			);
			buildRules = (
			);
			dependencies = (
			);
			name = ToTime;
			packageProductDependencies = (
				8C2C657023DC227D0001FCBE /* Alamofire */,
				8C2C657323DC22EB0001FCBE /* SwiftyJSON */,
			);
			productName = ToTime;
			productReference = 8C984D7B23D4A53800F1540C /* ToTime.app */;
			productType = "com.apple.product-type.application";
		};
		8C984D9023D4A53900F1540C /* ToTimeTests */ = {
			isa = PBXNativeTarget;
			buildConfigurationList = 8C984DA823D4A53900F1540C /* Build configuration list for PBXNativeTarget "ToTimeTests" */;
			buildPhases = (
				5E775AFCFDF5EAC9935C4F87 /* [CP] Check Pods Manifest.lock */,
				8C984D8D23D4A53900F1540C /* Sources */,
				8C984D8E23D4A53900F1540C /* Frameworks */,
				8C984D8F23D4A53900F1540C /* Resources */,
			);
			buildRules = (
			);
			dependencies = (
				8C984D9323D4A53900F1540C /* PBXTargetDependency */,
			);
			name = ToTimeTests;
			productName = ToTimeTests;
			productReference = 8C984D9123D4A53900F1540C /* ToTimeTests.xctest */;
			productType = "com.apple.product-type.bundle.unit-test";
		};
		8C984D9B23D4A53900F1540C /* ToTimeUITests */ = {
			isa = PBXNativeTarget;
			buildConfigurationList = 8C984DAB23D4A53900F1540C /* Build configuration list for PBXNativeTarget "ToTimeUITests" */;
			buildPhases = (
				93CF882FDF5741B58B924C92 /* [CP] Check Pods Manifest.lock */,
				8C984D9823D4A53900F1540C /* Sources */,
				8C984D9923D4A53900F1540C /* Frameworks */,
				8C984D9A23D4A53900F1540C /* Resources */,
				17B88B904086476F2B980D14 /* [CP] Embed Pods Frameworks */,
			);
			buildRules = (
			);
			dependencies = (
				8C984D9E23D4A53900F1540C /* PBXTargetDependency */,
			);
			name = ToTimeUITests;
			productName = ToTimeUITests;
			productReference = 8C984D9C23D4A53900F1540C /* ToTimeUITests.xctest */;
			productType = "com.apple.product-type.bundle.ui-testing";
		};
/* End PBXNativeTarget section */

/* Begin PBXProject section */
		8C984D7323D4A53800F1540C /* Project object */ = {
			isa = PBXProject;
			attributes = {
				LastSwiftUpdateCheck = 1110;
				LastUpgradeCheck = 1110;
				ORGANIZATIONNAME = "김민국";
				TargetAttributes = {
					8C984D7A23D4A53800F1540C = {
						CreatedOnToolsVersion = 11.1;
					};
					8C984D9023D4A53900F1540C = {
						CreatedOnToolsVersion = 11.1;
						TestTargetID = 8C984D7A23D4A53800F1540C;
					};
					8C984D9B23D4A53900F1540C = {
						CreatedOnToolsVersion = 11.1;
						TestTargetID = 8C984D7A23D4A53800F1540C;
					};
				};
			};
			buildConfigurationList = 8C984D7623D4A53800F1540C /* Build configuration list for PBXProject "ToTime" */;
			compatibilityVersion = "Xcode 9.3";
			developmentRegion = en;
			hasScannedForEncodings = 0;
			knownRegions = (
				en,
				Base,
			);
			mainGroup = 8C984D7223D4A53800F1540C;
			packageReferences = (
				8CA50DD623D5F1D500A7D73B /* XCRemoteSwiftPackageReference "QGrid" */,
				8C2C656F23DC227D0001FCBE /* XCRemoteSwiftPackageReference "Alamofire" */,
				8C2C657223DC22EB0001FCBE /* XCRemoteSwiftPackageReference "SwiftyJSON" */,
			);
			productRefGroup = 8C984D7C23D4A53800F1540C /* Products */;
			projectDirPath = "";
			projectRoot = "";
			targets = (
				8C984D7A23D4A53800F1540C /* ToTime */,
				8C984D9023D4A53900F1540C /* ToTimeTests */,
				8C984D9B23D4A53900F1540C /* ToTimeUITests */,
			);
		};
/* End PBXProject section */

/* Begin PBXResourcesBuildPhase section */
		8C984D7923D4A53800F1540C /* Resources */ = {
			isa = PBXResourcesBuildPhase;
			buildActionMask = 2147483647;
			files = (
				8C7B8FE32413DDD2002DE0D4 /* MarkIcon in Resources */,
				8C984D8B23D4A53900F1540C /* LaunchScreen.storyboard in Resources */,
				8C984D8823D4A53900F1540C /* Preview Assets.xcassets in Resources */,
				8C984D8523D4A53900F1540C /* Assets.xcassets in Resources */,
			);
			runOnlyForDeploymentPostprocessing = 0;
		};
		8C984D8F23D4A53900F1540C /* Resources */ = {
			isa = PBXResourcesBuildPhase;
			buildActionMask = 2147483647;
			files = (
			);
			runOnlyForDeploymentPostprocessing = 0;
		};
		8C984D9A23D4A53900F1540C /* Resources */ = {
			isa = PBXResourcesBuildPhase;
			buildActionMask = 2147483647;
			files = (
			);
			runOnlyForDeploymentPostprocessing = 0;
		};
/* End PBXResourcesBuildPhase section */

/* Begin PBXShellScriptBuildPhase section */
		17B88B904086476F2B980D14 /* [CP] Embed Pods Frameworks */ = {
			isa = PBXShellScriptBuildPhase;
			buildActionMask = 2147483647;
			files = (
			);
			inputFileListPaths = (
				"${PODS_ROOT}/Target Support Files/Pods-ToTime-ToTimeUITests/Pods-ToTime-ToTimeUITests-frameworks-${CONFIGURATION}-input-files.xcfilelist",
			);
			name = "[CP] Embed Pods Frameworks";
			outputFileListPaths = (
				"${PODS_ROOT}/Target Support Files/Pods-ToTime-ToTimeUITests/Pods-ToTime-ToTimeUITests-frameworks-${CONFIGURATION}-output-files.xcfilelist",
			);
			runOnlyForDeploymentPostprocessing = 0;
			shellPath = /bin/sh;
			shellScript = "\"${PODS_ROOT}/Target Support Files/Pods-ToTime-ToTimeUITests/Pods-ToTime-ToTimeUITests-frameworks.sh\"\n";
			showEnvVarsInLog = 0;
		};
		1A416E4DB944F9CCAF55DB07 /* [CP] Check Pods Manifest.lock */ = {
			isa = PBXShellScriptBuildPhase;
			buildActionMask = 2147483647;
			files = (
			);
			inputFileListPaths = (
			);
			inputPaths = (
				"${PODS_PODFILE_DIR_PATH}/Podfile.lock",
				"${PODS_ROOT}/Manifest.lock",
			);
			name = "[CP] Check Pods Manifest.lock";
			outputFileListPaths = (
			);
			outputPaths = (
				"$(DERIVED_FILE_DIR)/Pods-ToTime-checkManifestLockResult.txt",
			);
			runOnlyForDeploymentPostprocessing = 0;
			shellPath = /bin/sh;
			shellScript = "diff \"${PODS_PODFILE_DIR_PATH}/Podfile.lock\" \"${PODS_ROOT}/Manifest.lock\" > /dev/null\nif [ $? != 0 ] ; then\n    # print error to STDERR\n    echo \"error: The sandbox is not in sync with the Podfile.lock. Run 'pod install' or update your CocoaPods installation.\" >&2\n    exit 1\nfi\n# This output is used by Xcode 'outputs' to avoid re-running this script phase.\necho \"SUCCESS\" > \"${SCRIPT_OUTPUT_FILE_0}\"\n";
			showEnvVarsInLog = 0;
		};
		4DFCCF8B5EDD471D307D7263 /* [CP] Embed Pods Frameworks */ = {
			isa = PBXShellScriptBuildPhase;
			buildActionMask = 2147483647;
			files = (
			);
			inputFileListPaths = (
				"${PODS_ROOT}/Target Support Files/Pods-ToTime/Pods-ToTime-frameworks-${CONFIGURATION}-input-files.xcfilelist",
			);
			name = "[CP] Embed Pods Frameworks";
			outputFileListPaths = (
				"${PODS_ROOT}/Target Support Files/Pods-ToTime/Pods-ToTime-frameworks-${CONFIGURATION}-output-files.xcfilelist",
			);
			runOnlyForDeploymentPostprocessing = 0;
			shellPath = /bin/sh;
			shellScript = "\"${PODS_ROOT}/Target Support Files/Pods-ToTime/Pods-ToTime-frameworks.sh\"\n";
			showEnvVarsInLog = 0;
		};
		5E775AFCFDF5EAC9935C4F87 /* [CP] Check Pods Manifest.lock */ = {
			isa = PBXShellScriptBuildPhase;
			buildActionMask = 2147483647;
			files = (
			);
			inputFileListPaths = (
			);
			inputPaths = (
				"${PODS_PODFILE_DIR_PATH}/Podfile.lock",
				"${PODS_ROOT}/Manifest.lock",
			);
			name = "[CP] Check Pods Manifest.lock";
			outputFileListPaths = (
			);
			outputPaths = (
				"$(DERIVED_FILE_DIR)/Pods-ToTimeTests-checkManifestLockResult.txt",
			);
			runOnlyForDeploymentPostprocessing = 0;
			shellPath = /bin/sh;
			shellScript = "diff \"${PODS_PODFILE_DIR_PATH}/Podfile.lock\" \"${PODS_ROOT}/Manifest.lock\" > /dev/null\nif [ $? != 0 ] ; then\n    # print error to STDERR\n    echo \"error: The sandbox is not in sync with the Podfile.lock. Run 'pod install' or update your CocoaPods installation.\" >&2\n    exit 1\nfi\n# This output is used by Xcode 'outputs' to avoid re-running this script phase.\necho \"SUCCESS\" > \"${SCRIPT_OUTPUT_FILE_0}\"\n";
			showEnvVarsInLog = 0;
		};
		93CF882FDF5741B58B924C92 /* [CP] Check Pods Manifest.lock */ = {
			isa = PBXShellScriptBuildPhase;
			buildActionMask = 2147483647;
			files = (
			);
			inputFileListPaths = (
			);
			inputPaths = (
				"${PODS_PODFILE_DIR_PATH}/Podfile.lock",
				"${PODS_ROOT}/Manifest.lock",
			);
			name = "[CP] Check Pods Manifest.lock";
			outputFileListPaths = (
			);
			outputPaths = (
				"$(DERIVED_FILE_DIR)/Pods-ToTime-ToTimeUITests-checkManifestLockResult.txt",
			);
			runOnlyForDeploymentPostprocessing = 0;
			shellPath = /bin/sh;
			shellScript = "diff \"${PODS_PODFILE_DIR_PATH}/Podfile.lock\" \"${PODS_ROOT}/Manifest.lock\" > /dev/null\nif [ $? != 0 ] ; then\n    # print error to STDERR\n    echo \"error: The sandbox is not in sync with the Podfile.lock. Run 'pod install' or update your CocoaPods installation.\" >&2\n    exit 1\nfi\n# This output is used by Xcode 'outputs' to avoid re-running this script phase.\necho \"SUCCESS\" > \"${SCRIPT_OUTPUT_FILE_0}\"\n";
			showEnvVarsInLog = 0;
		};
/* End PBXShellScriptBuildPhase section */

/* Begin PBXSourcesBuildPhase section */
		8C984D7723D4A53800F1540C /* Sources */ = {
			isa = PBXSourcesBuildPhase;
			buildActionMask = 2147483647;
			files = (
				8C2C656E23DBFE190001FCBE /* LocationNotificationInfo.swift in Sources */,
				8CF1B9AE23E6C66500B5F236 /* AddMarkMap.swift in Sources */,
				8C2A383023D6D87000BBD1A1 /* AddMarkView.swift in Sources */,
				8CB01F1724129F5E00B32C44 /* MarkListRow.swift in Sources */,
				8C984D7F23D4A53800F1540C /* AppDelegate.swift in Sources */,
				8C8217E623F700D400AC1742 /* ProgressView.swift in Sources */,
				8C2C656C23DBFDF70001FCBE /* LocationNotificationSchedulerDelegate.swift in Sources */,
				8C8217DE23F2F04A00AC1742 /* AnimationExtension.swift in Sources */,
				8C2C655E23D8949D0001FCBE /* HomeMapView.swift in Sources */,
				8C7B8FE724141018002DE0D4 /* ColorExtension.swift in Sources */,
				8CF1B9BC23E7152E00B5F236 /* GoogleKey.swift in Sources */,
				8C2C656823DBDB1B0001FCBE /* MarkAnnotation.swift in Sources */,
				8CF1B9B023E6C66E00B5F236 /* AddMarkMapView.swift in Sources */,
				8CB01F102412921600B32C44 /* HomeViewModel.swift in Sources */,
				8CF1B9B423E6D64B00B5F236 /* QuickMap.swift in Sources */,
				8C52973A23EDCB46006A5B0C /* MarkData.swift in Sources */,
				8CF1B9B823E6D67100B5F236 /* QuickMapViewEnvironment.swift in Sources */,
				8C7B8FDF2413A97C002DE0D4 /* ResourceManager.swift in Sources */,
				8C7B8FE524140EF0002DE0D4 /* AddMarkViewModel.swift in Sources */,
				8C984D8123D4A53800F1540C /* SceneDelegate.swift in Sources */,
				8C984D8323D4A53800F1540C /* HomeView.swift in Sources */,
				8C2C657623DC33D50001FCBE /* NavigationItemContainer.swift in Sources */,
				8C2C655C23D8876D0001FCBE /* HomeMap.swift in Sources */,
				8CF1B9B623E6D65100B5F236 /* QuickMapView.swift in Sources */,
				8CC0983F23DEAE7F00382674 /* ActivityIndicatorView.swift in Sources */,
				8CA50DDC23D5FC6500A7D73B /* Mark.swift in Sources */,
				8C2C656423D8A5370001FCBE /* Background.swift in Sources */,
				8C2C656A23DBFCEB0001FCBE /* LocationNotificationScheduler.swift in Sources */,
				8C8217E823F7C23100AC1742 /* AddMarkMapViewEnvironment.swift in Sources */,
				8C2C656623D8B6910001FCBE /* NavigationBarBack.swift in Sources */,
				8CC0983D23DE941800382674 /* ActivityIndicator.swift in Sources */,
				8C2C657823DC8F220001FCBE /* HomeMapViewEnvironment.swift in Sources */,
				8CB01F14241292CA00B32C44 /* HomeViewModelProtocol.swift in Sources */,
			);
			runOnlyForDeploymentPostprocessing = 0;
		};
		8C984D8D23D4A53900F1540C /* Sources */ = {
			isa = PBXSourcesBuildPhase;
			buildActionMask = 2147483647;
			files = (
				8C984D9623D4A53900F1540C /* ToTimeTests.swift in Sources */,
			);
			runOnlyForDeploymentPostprocessing = 0;
		};
		8C984D9823D4A53900F1540C /* Sources */ = {
			isa = PBXSourcesBuildPhase;
			buildActionMask = 2147483647;
			files = (
				8C984DA123D4A53900F1540C /* ToTimeUITests.swift in Sources */,
			);
			runOnlyForDeploymentPostprocessing = 0;
		};
/* End PBXSourcesBuildPhase section */

/* Begin PBXTargetDependency section */
		8C984D9323D4A53900F1540C /* PBXTargetDependency */ = {
			isa = PBXTargetDependency;
			target = 8C984D7A23D4A53800F1540C /* ToTime */;
			targetProxy = 8C984D9223D4A53900F1540C /* PBXContainerItemProxy */;
		};
		8C984D9E23D4A53900F1540C /* PBXTargetDependency */ = {
			isa = PBXTargetDependency;
			target = 8C984D7A23D4A53800F1540C /* ToTime */;
			targetProxy = 8C984D9D23D4A53900F1540C /* PBXContainerItemProxy */;
		};
/* End PBXTargetDependency section */

/* Begin PBXVariantGroup section */
		8C984D8923D4A53900F1540C /* LaunchScreen.storyboard */ = {
			isa = PBXVariantGroup;
			children = (
				8C984D8A23D4A53900F1540C /* Base */,
			);
			name = LaunchScreen.storyboard;
			sourceTree = "<group>";
		};
/* End PBXVariantGroup section */

/* Begin XCBuildConfiguration section */
		8C984DA323D4A53900F1540C /* Debug */ = {
			isa = XCBuildConfiguration;
			buildSettings = {
				ALWAYS_SEARCH_USER_PATHS = NO;
				CLANG_ANALYZER_NONNULL = YES;
				CLANG_ANALYZER_NUMBER_OBJECT_CONVERSION = YES_AGGRESSIVE;
				CLANG_CXX_LANGUAGE_STANDARD = "gnu++14";
				CLANG_CXX_LIBRARY = "libc++";
				CLANG_ENABLE_MODULES = YES;
				CLANG_ENABLE_OBJC_ARC = YES;
				CLANG_ENABLE_OBJC_WEAK = YES;
				CLANG_WARN_BLOCK_CAPTURE_AUTORELEASING = YES;
				CLANG_WARN_BOOL_CONVERSION = YES;
				CLANG_WARN_COMMA = YES;
				CLANG_WARN_CONSTANT_CONVERSION = YES;
				CLANG_WARN_DEPRECATED_OBJC_IMPLEMENTATIONS = YES;
				CLANG_WARN_DIRECT_OBJC_ISA_USAGE = YES_ERROR;
				CLANG_WARN_DOCUMENTATION_COMMENTS = YES;
				CLANG_WARN_EMPTY_BODY = YES;
				CLANG_WARN_ENUM_CONVERSION = YES;
				CLANG_WARN_INFINITE_RECURSION = YES;
				CLANG_WARN_INT_CONVERSION = YES;
				CLANG_WARN_NON_LITERAL_NULL_CONVERSION = YES;
				CLANG_WARN_OBJC_IMPLICIT_RETAIN_SELF = YES;
				CLANG_WARN_OBJC_LITERAL_CONVERSION = YES;
				CLANG_WARN_OBJC_ROOT_CLASS = YES_ERROR;
				CLANG_WARN_RANGE_LOOP_ANALYSIS = YES;
				CLANG_WARN_STRICT_PROTOTYPES = YES;
				CLANG_WARN_SUSPICIOUS_MOVE = YES;
				CLANG_WARN_UNGUARDED_AVAILABILITY = YES_AGGRESSIVE;
				CLANG_WARN_UNREACHABLE_CODE = YES;
				CLANG_WARN__DUPLICATE_METHOD_MATCH = YES;
				COPY_PHASE_STRIP = NO;
				DEBUG_INFORMATION_FORMAT = dwarf;
				ENABLE_STRICT_OBJC_MSGSEND = YES;
				ENABLE_TESTABILITY = YES;
				GCC_C_LANGUAGE_STANDARD = gnu11;
				GCC_DYNAMIC_NO_PIC = NO;
				GCC_NO_COMMON_BLOCKS = YES;
				GCC_OPTIMIZATION_LEVEL = 0;
				GCC_PREPROCESSOR_DEFINITIONS = (
					"DEBUG=1",
					"$(inherited)",
				);
				GCC_WARN_64_TO_32_BIT_CONVERSION = YES;
				GCC_WARN_ABOUT_RETURN_TYPE = YES_ERROR;
				GCC_WARN_UNDECLARED_SELECTOR = YES;
				GCC_WARN_UNINITIALIZED_AUTOS = YES_AGGRESSIVE;
				GCC_WARN_UNUSED_FUNCTION = YES;
				GCC_WARN_UNUSED_VARIABLE = YES;
				IPHONEOS_DEPLOYMENT_TARGET = 13.1;
				MTL_ENABLE_DEBUG_INFO = INCLUDE_SOURCE;
				MTL_FAST_MATH = YES;
				ONLY_ACTIVE_ARCH = YES;
				SDKROOT = iphoneos;
				SWIFT_ACTIVE_COMPILATION_CONDITIONS = DEBUG;
				SWIFT_OPTIMIZATION_LEVEL = "-Onone";
			};
			name = Debug;
		};
		8C984DA423D4A53900F1540C /* Release */ = {
			isa = XCBuildConfiguration;
			buildSettings = {
				ALWAYS_SEARCH_USER_PATHS = NO;
				CLANG_ANALYZER_NONNULL = YES;
				CLANG_ANALYZER_NUMBER_OBJECT_CONVERSION = YES_AGGRESSIVE;
				CLANG_CXX_LANGUAGE_STANDARD = "gnu++14";
				CLANG_CXX_LIBRARY = "libc++";
				CLANG_ENABLE_MODULES = YES;
				CLANG_ENABLE_OBJC_ARC = YES;
				CLANG_ENABLE_OBJC_WEAK = YES;
				CLANG_WARN_BLOCK_CAPTURE_AUTORELEASING = YES;
				CLANG_WARN_BOOL_CONVERSION = YES;
				CLANG_WARN_COMMA = YES;
				CLANG_WARN_CONSTANT_CONVERSION = YES;
				CLANG_WARN_DEPRECATED_OBJC_IMPLEMENTATIONS = YES;
				CLANG_WARN_DIRECT_OBJC_ISA_USAGE = YES_ERROR;
				CLANG_WARN_DOCUMENTATION_COMMENTS = YES;
				CLANG_WARN_EMPTY_BODY = YES;
				CLANG_WARN_ENUM_CONVERSION = YES;
				CLANG_WARN_INFINITE_RECURSION = YES;
				CLANG_WARN_INT_CONVERSION = YES;
				CLANG_WARN_NON_LITERAL_NULL_CONVERSION = YES;
				CLANG_WARN_OBJC_IMPLICIT_RETAIN_SELF = YES;
				CLANG_WARN_OBJC_LITERAL_CONVERSION = YES;
				CLANG_WARN_OBJC_ROOT_CLASS = YES_ERROR;
				CLANG_WARN_RANGE_LOOP_ANALYSIS = YES;
				CLANG_WARN_STRICT_PROTOTYPES = YES;
				CLANG_WARN_SUSPICIOUS_MOVE = YES;
				CLANG_WARN_UNGUARDED_AVAILABILITY = YES_AGGRESSIVE;
				CLANG_WARN_UNREACHABLE_CODE = YES;
				CLANG_WARN__DUPLICATE_METHOD_MATCH = YES;
				COPY_PHASE_STRIP = NO;
				DEBUG_INFORMATION_FORMAT = "dwarf-with-dsym";
				ENABLE_NS_ASSERTIONS = NO;
				ENABLE_STRICT_OBJC_MSGSEND = YES;
				GCC_C_LANGUAGE_STANDARD = gnu11;
				GCC_NO_COMMON_BLOCKS = YES;
				GCC_WARN_64_TO_32_BIT_CONVERSION = YES;
				GCC_WARN_ABOUT_RETURN_TYPE = YES_ERROR;
				GCC_WARN_UNDECLARED_SELECTOR = YES;
				GCC_WARN_UNINITIALIZED_AUTOS = YES_AGGRESSIVE;
				GCC_WARN_UNUSED_FUNCTION = YES;
				GCC_WARN_UNUSED_VARIABLE = YES;
				IPHONEOS_DEPLOYMENT_TARGET = 13.1;
				MTL_ENABLE_DEBUG_INFO = NO;
				MTL_FAST_MATH = YES;
				SDKROOT = iphoneos;
				SWIFT_COMPILATION_MODE = wholemodule;
				SWIFT_OPTIMIZATION_LEVEL = "-O";
				VALIDATE_PRODUCT = YES;
			};
			name = Release;
		};
		8C984DA623D4A53900F1540C /* Debug */ = {
			isa = XCBuildConfiguration;
			baseConfigurationReference = 1BE6B53B9E8DB7B321352FA6 /* Pods-ToTime.debug.xcconfig */;
			buildSettings = {
				ASSETCATALOG_COMPILER_APPICON_NAME = AppIcon;
				CODE_SIGN_IDENTITY = "iPhone Developer";
				CODE_SIGN_STYLE = Manual;
				DEVELOPMENT_ASSET_PATHS = "\"ToTime/Preview Content\"";
				DEVELOPMENT_TEAM = 3N72J4U62S;
				ENABLE_PREVIEWS = YES;
				INFOPLIST_FILE = ToTime/Info.plist;
				IPHONEOS_DEPLOYMENT_TARGET = 13.0;
				LD_RUNPATH_SEARCH_PATHS = (
					"$(inherited)",
					"@executable_path/Frameworks",
				);
				MARKETING_VERSION = 1.31;
				PRODUCT_BUNDLE_IDENTIFIER = com.MGHouse.ToTime;
				PRODUCT_NAME = "$(TARGET_NAME)";
				PROVISIONING_PROFILE_SPECIFIER = ToTimeDevelopment;
				SWIFT_VERSION = 5.0;
				TARGETED_DEVICE_FAMILY = 1;
			};
			name = Debug;
		};
		8C984DA723D4A53900F1540C /* Release */ = {
			isa = XCBuildConfiguration;
			baseConfigurationReference = 5279BDD8019F65FCFF317641 /* Pods-ToTime.release.xcconfig */;
			buildSettings = {
				ASSETCATALOG_COMPILER_APPICON_NAME = AppIcon;
				CODE_SIGN_IDENTITY = "iPhone Developer";
				CODE_SIGN_STYLE = Manual;
				DEVELOPMENT_ASSET_PATHS = "\"ToTime/Preview Content\"";
				DEVELOPMENT_TEAM = 3N72J4U62S;
				ENABLE_PREVIEWS = YES;
				INFOPLIST_FILE = ToTime/Info.plist;
				IPHONEOS_DEPLOYMENT_TARGET = 13.0;
				LD_RUNPATH_SEARCH_PATHS = (
					"$(inherited)",
					"@executable_path/Frameworks",
				);
				MARKETING_VERSION = 1.31;
				PRODUCT_BUNDLE_IDENTIFIER = com.MGHouse.ToTime;
				PRODUCT_NAME = "$(TARGET_NAME)";
				PROVISIONING_PROFILE_SPECIFIER = ToTimeDevelopment;
				SWIFT_VERSION = 5.0;
				TARGETED_DEVICE_FAMILY = 1;
			};
			name = Release;
		};
		8C984DA923D4A53900F1540C /* Debug */ = {
			isa = XCBuildConfiguration;
			baseConfigurationReference = 649CA5084FBCC62F8C114F43 /* Pods-ToTimeTests.debug.xcconfig */;
			buildSettings = {
				ALWAYS_EMBED_SWIFT_STANDARD_LIBRARIES = YES;
				BUNDLE_LOADER = "$(TEST_HOST)";
				CODE_SIGN_STYLE = Automatic;
				DEVELOPMENT_TEAM = 3N72J4U62S;
				INFOPLIST_FILE = ToTimeTests/Info.plist;
				IPHONEOS_DEPLOYMENT_TARGET = 13.1;
				LD_RUNPATH_SEARCH_PATHS = (
					"$(inherited)",
					"@executable_path/Frameworks",
					"@loader_path/Frameworks",
				);
				PRODUCT_BUNDLE_IDENTIFIER = com.MGHouse.ToTime.ToTimeTests;
				PRODUCT_NAME = "$(TARGET_NAME)";
				SWIFT_VERSION = 5.0;
				TARGETED_DEVICE_FAMILY = "1,2";
				TEST_HOST = "$(BUILT_PRODUCTS_DIR)/ToTime.app/ToTime";
			};
			name = Debug;
		};
		8C984DAA23D4A53900F1540C /* Release */ = {
			isa = XCBuildConfiguration;
			baseConfigurationReference = 4AEE6A99799EE641317B13FD /* Pods-ToTimeTests.release.xcconfig */;
			buildSettings = {
				ALWAYS_EMBED_SWIFT_STANDARD_LIBRARIES = YES;
				BUNDLE_LOADER = "$(TEST_HOST)";
				CODE_SIGN_STYLE = Automatic;
				DEVELOPMENT_TEAM = 3N72J4U62S;
				INFOPLIST_FILE = ToTimeTests/Info.plist;
				IPHONEOS_DEPLOYMENT_TARGET = 13.1;
				LD_RUNPATH_SEARCH_PATHS = (
					"$(inherited)",
					"@executable_path/Frameworks",
					"@loader_path/Frameworks",
				);
				PRODUCT_BUNDLE_IDENTIFIER = com.MGHouse.ToTime.ToTimeTests;
				PRODUCT_NAME = "$(TARGET_NAME)";
				SWIFT_VERSION = 5.0;
				TARGETED_DEVICE_FAMILY = "1,2";
				TEST_HOST = "$(BUILT_PRODUCTS_DIR)/ToTime.app/ToTime";
			};
			name = Release;
		};
		8C984DAC23D4A53900F1540C /* Debug */ = {
			isa = XCBuildConfiguration;
			baseConfigurationReference = 26955B73F8287D5502377C3A /* Pods-ToTime-ToTimeUITests.debug.xcconfig */;
			buildSettings = {
				ALWAYS_EMBED_SWIFT_STANDARD_LIBRARIES = YES;
				CODE_SIGN_STYLE = Automatic;
				DEVELOPMENT_TEAM = 3N72J4U62S;
				INFOPLIST_FILE = ToTimeUITests/Info.plist;
				LD_RUNPATH_SEARCH_PATHS = (
					"$(inherited)",
					"@executable_path/Frameworks",
					"@loader_path/Frameworks",
				);
				PRODUCT_BUNDLE_IDENTIFIER = com.MGHouse.ToTime.ToTimeUITests;
				PRODUCT_NAME = "$(TARGET_NAME)";
				SWIFT_VERSION = 5.0;
				TARGETED_DEVICE_FAMILY = "1,2";
				TEST_TARGET_NAME = ToTime;
			};
			name = Debug;
		};
		8C984DAD23D4A53900F1540C /* Release */ = {
			isa = XCBuildConfiguration;
			baseConfigurationReference = F5A1F8E8922AFBA826371179 /* Pods-ToTime-ToTimeUITests.release.xcconfig */;
			buildSettings = {
				ALWAYS_EMBED_SWIFT_STANDARD_LIBRARIES = YES;
				CODE_SIGN_STYLE = Automatic;
				DEVELOPMENT_TEAM = 3N72J4U62S;
				INFOPLIST_FILE = ToTimeUITests/Info.plist;
				LD_RUNPATH_SEARCH_PATHS = (
					"$(inherited)",
					"@executable_path/Frameworks",
					"@loader_path/Frameworks",
				);
				PRODUCT_BUNDLE_IDENTIFIER = com.MGHouse.ToTime.ToTimeUITests;
				PRODUCT_NAME = "$(TARGET_NAME)";
				SWIFT_VERSION = 5.0;
				TARGETED_DEVICE_FAMILY = "1,2";
				TEST_TARGET_NAME = ToTime;
			};
			name = Release;
		};
/* End XCBuildConfiguration section */

/* Begin XCConfigurationList section */
		8C984D7623D4A53800F1540C /* Build configuration list for PBXProject "ToTime" */ = {
			isa = XCConfigurationList;
			buildConfigurations = (
				8C984DA323D4A53900F1540C /* Debug */,
				8C984DA423D4A53900F1540C /* Release */,
			);
			defaultConfigurationIsVisible = 0;
			defaultConfigurationName = Release;
		};
		8C984DA523D4A53900F1540C /* Build configuration list for PBXNativeTarget "ToTime" */ = {
			isa = XCConfigurationList;
			buildConfigurations = (
				8C984DA623D4A53900F1540C /* Debug */,
				8C984DA723D4A53900F1540C /* Release */,
			);
			defaultConfigurationIsVisible = 0;
			defaultConfigurationName = Release;
		};
		8C984DA823D4A53900F1540C /* Build configuration list for PBXNativeTarget "ToTimeTests" */ = {
			isa = XCConfigurationList;
			buildConfigurations = (
				8C984DA923D4A53900F1540C /* Debug */,
				8C984DAA23D4A53900F1540C /* Release */,
			);
			defaultConfigurationIsVisible = 0;
			defaultConfigurationName = Release;
		};
		8C984DAB23D4A53900F1540C /* Build configuration list for PBXNativeTarget "ToTimeUITests" */ = {
			isa = XCConfigurationList;
			buildConfigurations = (
				8C984DAC23D4A53900F1540C /* Debug */,
				8C984DAD23D4A53900F1540C /* Release */,
			);
			defaultConfigurationIsVisible = 0;
			defaultConfigurationName = Release;
		};
/* End XCConfigurationList section */

/* Begin XCRemoteSwiftPackageReference section */
		8C2C656F23DC227D0001FCBE /* XCRemoteSwiftPackageReference "Alamofire" */ = {
			isa = XCRemoteSwiftPackageReference;
			repositoryURL = "https://github.com/Alamofire/Alamofire.git";
			requirement = {
				kind = upToNextMajorVersion;
				minimumVersion = 4.9.1;
			};
		};
		8C2C657223DC22EB0001FCBE /* XCRemoteSwiftPackageReference "SwiftyJSON" */ = {
			isa = XCRemoteSwiftPackageReference;
			repositoryURL = "https://github.com/SwiftyJSON/SwiftyJSON.git";
			requirement = {
				kind = upToNextMajorVersion;
				minimumVersion = 5.0.0;
			};
		};
		8CA50DD623D5F1D500A7D73B /* XCRemoteSwiftPackageReference "QGrid" */ = {
			isa = XCRemoteSwiftPackageReference;
			repositoryURL = "https://github.com/Q-Mobile/QGrid";
			requirement = {
				kind = upToNextMajorVersion;
				minimumVersion = 0.1.3;
			};
		};
/* End XCRemoteSwiftPackageReference section */

/* Begin XCSwiftPackageProductDependency section */
		8C2C657023DC227D0001FCBE /* Alamofire */ = {
			isa = XCSwiftPackageProductDependency;
			package = 8C2C656F23DC227D0001FCBE /* XCRemoteSwiftPackageReference "Alamofire" */;
			productName = Alamofire;
		};
		8C2C657323DC22EB0001FCBE /* SwiftyJSON */ = {
			isa = XCSwiftPackageProductDependency;
			package = 8C2C657223DC22EB0001FCBE /* XCRemoteSwiftPackageReference "SwiftyJSON" */;
			productName = SwiftyJSON;
		};
/* End XCSwiftPackageProductDependency section */
	};
	rootObject = 8C984D7323D4A53800F1540C /* Project object */;
}
